
Microsoft Visual Studio Solution File, Format Version 12.00
# Visual Studio Version 17
VisualStudioVersion = 17.8.34408.163
MinimumVisualStudioVersion = 10.0.40219.1
Project("{FAE04EC0-301F-11D3-BF4B-00C04F79EFBC}") = "Lab Sheet 02,Q3", "Lab Sheet 02,Q3\Lab Sheet 02,Q3.csproj", "{7F845738-8D14-4C18-BA49-650C31166ED1}"
EndProject
Global
	GlobalSection(SolutionConfigurationPlatforms) = preSolution
		Debug|Any CPU = Debug|Any CPU
		Release|Any CPU = Release|Any CPU
	EndGlobalSection
	GlobalSection(ProjectConfigurationPlatforms) = postSolution
		{7F845738-8D14-4C18-BA49-650C31166ED1}.Debug|Any CPU.ActiveCfg = Debug|Any CPU
		{7F845738-8D14-4C18-BA49-650C31166ED1}.Debug|Any CPU.Build.0 = Debug|Any CPU
		{7F845738-8D14-4C18-BA49-650C31166ED1}.Release|Any CPU.ActiveCfg = Release|Any CPU
		{7F845738-8D14-4C18-BA49-650C31166ED1}.Release|Any CPU.Build.0 = Release|Any CPU
	EndGlobalSection
	GlobalSection(SolutionProperties) = preSolution
		HideSolutionNode = FALSE
	EndGlobalSection
	GlobalSection(ExtensibilityGlobals) = postSolution
		SolutionGuid = {CF9336B7-C286-4EA4-80C9-5AB6D063A6BD}
	EndGlobalSection
EndGlobal
